
Microsoft Visual Studio Solution File, Format Version 12.00
# Visual Studio Version 16
VisualStudioVersion = 16.0.31515.178
MinimumVisualStudioVersion = 10.0.40219.1
Project("{2150E333-8FDC-42A3-9474-1A3956D46DE8}") = "src", "src", "{60DC8BB2-850C-4659-AA14-48BF57E990DB}"
EndProject
Project("{FAE04EC0-301F-11D3-BF4B-00C04F79EFBC}") = "WebAPI.TODO", "WebAPI.TODO\WebAPI.TODO.csproj", "{A53812D9-3516-44D2-856F-46DB32D5349E}"
EndProject
Project("{FAE04EC0-301F-11D3-BF4B-00C04F79EFBC}") = "ReceiveTodo", "ReceiveTodo\ReceiveTodo.csproj", "{B0176E11-9D3A-4B84-9781-6B6341AD3D4F}"
EndProject
Global
	GlobalSection(SolutionConfigurationPlatforms) = preSolution
		Debug|Any CPU = Debug|Any CPU
		Release|Any CPU = Release|Any CPU
	EndGlobalSection
	GlobalSection(ProjectConfigurationPlatforms) = postSolution
		{A53812D9-3516-44D2-856F-46DB32D5349E}.Debug|Any CPU.ActiveCfg = Debug|Any CPU
		{A53812D9-3516-44D2-856F-46DB32D5349E}.Debug|Any CPU.Build.0 = Debug|Any CPU
		{A53812D9-3516-44D2-856F-46DB32D5349E}.Release|Any CPU.ActiveCfg = Release|Any CPU
		{A53812D9-3516-44D2-856F-46DB32D5349E}.Release|Any CPU.Build.0 = Release|Any CPU
		{B0176E11-9D3A-4B84-9781-6B6341AD3D4F}.Debug|Any CPU.ActiveCfg = Debug|Any CPU
		{B0176E11-9D3A-4B84-9781-6B6341AD3D4F}.Debug|Any CPU.Build.0 = Debug|Any CPU
		{B0176E11-9D3A-4B84-9781-6B6341AD3D4F}.Release|Any CPU.ActiveCfg = Release|Any CPU
		{B0176E11-9D3A-4B84-9781-6B6341AD3D4F}.Release|Any CPU.Build.0 = Release|Any CPU
	EndGlobalSection
	GlobalSection(SolutionProperties) = preSolution
		HideSolutionNode = FALSE
	EndGlobalSection
	GlobalSection(NestedProjects) = preSolution
		{A53812D9-3516-44D2-856F-46DB32D5349E} = {60DC8BB2-850C-4659-AA14-48BF57E990DB}
		{B0176E11-9D3A-4B84-9781-6B6341AD3D4F} = {60DC8BB2-850C-4659-AA14-48BF57E990DB}
	EndGlobalSection
	GlobalSection(ExtensibilityGlobals) = postSolution
		SolutionGuid = {23194E0B-38D8-485C-94C9-72BA919794B9}
	EndGlobalSection
EndGlobal
